
Microsoft Visual Studio Solution File, Format Version 12.00
# Visual Studio Version 17
VisualStudioVersion = 17.3.32929.385
MinimumVisualStudioVersion = 10.0.40219.1
Project("{9A19103F-16F7-4668-BE54-9A1E7A4F7556}") = "ServerTest", "ServerTest\ServerTest.csproj", "{AD1B5C34-67B5-4654-94A3-E50D2156B5EB}"
EndProject
Global
	GlobalSection(SolutionConfigurationPlatforms) = preSolution
		Debug|Any CPU = Debug|Any CPU
		Release|Any CPU = Release|Any CPU
	EndGlobalSection
	GlobalSection(ProjectConfigurationPlatforms) = postSolution
		{AD1B5C34-67B5-4654-94A3-E50D2156B5EB}.Debug|Any CPU.ActiveCfg = Debug|Any CPU
		{AD1B5C34-67B5-4654-94A3-E50D2156B5EB}.Debug|Any CPU.Build.0 = Debug|Any CPU
		{AD1B5C34-67B5-4654-94A3-E50D2156B5EB}.Release|Any CPU.ActiveCfg = Release|Any CPU
		{AD1B5C34-67B5-4654-94A3-E50D2156B5EB}.Release|Any CPU.Build.0 = Release|Any CPU
	EndGlobalSection
	GlobalSection(SolutionProperties) = preSolution
		HideSolutionNode = FALSE
	EndGlobalSection
	GlobalSection(ExtensibilityGlobals) = postSolution
		SolutionGuid = {7097736D-D8BD-4BE5-9777-BB3BFCE9DC9B}
	EndGlobalSection
EndGlobal
