
Microsoft Visual Studio Solution File, Format Version 12.00
# Visual Studio Version 17
VisualStudioVersion = 17.3.32929.385
MinimumVisualStudioVersion = 10.0.40219.1
Project("{FAE04EC0-301F-11D3-BF4B-00C04F79EFBC}") = "WpfTest", "WpfTest\WpfTest.csproj", "{B90190A2-FE44-4A74-8038-D302927238A3}"
EndProject
Global
	GlobalSection(SolutionConfigurationPlatforms) = preSolution
		Debug|Any CPU = Debug|Any CPU
		Release|Any CPU = Release|Any CPU
	EndGlobalSection
	GlobalSection(ProjectConfigurationPlatforms) = postSolution
		{B90190A2-FE44-4A74-8038-D302927238A3}.Debug|Any CPU.ActiveCfg = Debug|Any CPU
		{B90190A2-FE44-4A74-8038-D302927238A3}.Debug|Any CPU.Build.0 = Debug|Any CPU
		{B90190A2-FE44-4A74-8038-D302927238A3}.Release|Any CPU.ActiveCfg = Release|Any CPU
		{B90190A2-FE44-4A74-8038-D302927238A3}.Release|Any CPU.Build.0 = Release|Any CPU
	EndGlobalSection
	GlobalSection(SolutionProperties) = preSolution
		HideSolutionNode = FALSE
	EndGlobalSection
	GlobalSection(ExtensibilityGlobals) = postSolution
		SolutionGuid = {B55AB1B2-2FC6-440E-A8E1-1047FDEA3269}
	EndGlobalSection
EndGlobal
